
Microsoft Visual Studio Solution File, Format Version 12.00
# Visual Studio Version 17
VisualStudioVersion = 17.8.34525.116
MinimumVisualStudioVersion = 10.0.40219.1
Project("{FAE04EC0-301F-11D3-BF4B-00C04F79EFBC}") = "Task2", "Task2\Task2.csproj", "{AA769EB5-D472-4B82-A8A6-2F1B147952B2}"
EndProject
Global
	GlobalSection(SolutionConfigurationPlatforms) = preSolution
		Debug|Any CPU = Debug|Any CPU
		Release|Any CPU = Release|Any CPU
	EndGlobalSection
	GlobalSection(ProjectConfigurationPlatforms) = postSolution
		{AA769EB5-D472-4B82-A8A6-2F1B147952B2}.Debug|Any CPU.ActiveCfg = Debug|Any CPU
		{AA769EB5-D472-4B82-A8A6-2F1B147952B2}.Debug|Any CPU.Build.0 = Debug|Any CPU
		{AA769EB5-D472-4B82-A8A6-2F1B147952B2}.Release|Any CPU.ActiveCfg = Release|Any CPU
		{AA769EB5-D472-4B82-A8A6-2F1B147952B2}.Release|Any CPU.Build.0 = Release|Any CPU
	EndGlobalSection
	GlobalSection(SolutionProperties) = preSolution
		HideSolutionNode = FALSE
	EndGlobalSection
	GlobalSection(ExtensibilityGlobals) = postSolution
		SolutionGuid = {67A5EDDA-1DE5-4439-B46B-5F1DAF3CFD9B}
	EndGlobalSection
EndGlobal
